
Microsoft Visual Studio Solution File, Format Version 12.00
# Visual Studio Version 16
VisualStudioVersion = 16.0.31019.35
MinimumVisualStudioVersion = 10.0.40219.1
Project("{FAE04EC0-301F-11D3-BF4B-00C04F79EFBC}") = "MyBovApp", "MyBovApp\MyBovApp.csproj", "{971FBE77-A12F-4614-A934-DE5D7C143747}"
	ProjectSection(ProjectDependencies) = postProject
		{AE334941-B291-4DC5-9ABD-AFD7528C3F5D} = {AE334941-B291-4DC5-9ABD-AFD7528C3F5D}
	EndProjectSection
EndProject
Project("{FAE04EC0-301F-11D3-BF4B-00C04F79EFBC}") = "MyLib", "MyLib\MyLib.csproj", "{AE334941-B291-4DC5-9ABD-AFD7528C3F5D}"
EndProject
Global
	GlobalSection(SolutionConfigurationPlatforms) = preSolution
		Debug|Any CPU = Debug|Any CPU
		Release|Any CPU = Release|Any CPU
	EndGlobalSection
	GlobalSection(ProjectConfigurationPlatforms) = postSolution
		{971FBE77-A12F-4614-A934-DE5D7C143747}.Debug|Any CPU.ActiveCfg = Debug|Any CPU
		{971FBE77-A12F-4614-A934-DE5D7C143747}.Debug|Any CPU.Build.0 = Debug|Any CPU
		{971FBE77-A12F-4614-A934-DE5D7C143747}.Release|Any CPU.ActiveCfg = Release|Any CPU
		{971FBE77-A12F-4614-A934-DE5D7C143747}.Release|Any CPU.Build.0 = Release|Any CPU
		{AE334941-B291-4DC5-9ABD-AFD7528C3F5D}.Debug|Any CPU.ActiveCfg = Debug|Any CPU
		{AE334941-B291-4DC5-9ABD-AFD7528C3F5D}.Debug|Any CPU.Build.0 = Debug|Any CPU
		{AE334941-B291-4DC5-9ABD-AFD7528C3F5D}.Release|Any CPU.ActiveCfg = Release|Any CPU
		{AE334941-B291-4DC5-9ABD-AFD7528C3F5D}.Release|Any CPU.Build.0 = Release|Any CPU
	EndGlobalSection
	GlobalSection(SolutionProperties) = preSolution
		HideSolutionNode = FALSE
	EndGlobalSection
	GlobalSection(ExtensibilityGlobals) = postSolution
		SolutionGuid = {8C25478A-9738-470B-9E35-ABBDB9F64263}
	EndGlobalSection
EndGlobal
